// !$*UTF8*$!
{
	archiveVersion = 1;
	classes = {
	};
	objectVersion = 56;
	objects = {

/* Begin PBXBuildFile section */
		818B868F28B4E71B00F57D89 /* select.png in Resources */ = {isa = PBXBuildFile; fileRef = 818B868E28B4E71B00F57D89 /* select.png */; };
		81D5079028B4D02F002DB471 /* AppDelegate.swift in Sources */ = {isa = PBXBuildFile; fileRef = 81D5078F28B4D02F002DB471 /* AppDelegate.swift */; };
		81D5079228B4D02F002DB471 /* SceneDelegate.swift in Sources */ = {isa = PBXBuildFile; fileRef = 81D5079128B4D02F002DB471 /* SceneDelegate.swift */; };
		81D5079428B4D02F002DB471 /* ViewController.swift in Sources */ = {isa = PBXBuildFile; fileRef = 81D5079328B4D02F002DB471 /* ViewController.swift */; };
		81D5079728B4D02F002DB471 /* Main.storyboard in Resources */ = {isa = PBXBuildFile; fileRef = 81D5079528B4D02F002DB471 /* Main.storyboard */; };
		81D5079A28B4D02F002DB471 /* ArtBookProject.xcdatamodeld in Sources */ = {isa = PBXBuildFile; fileRef = 81D5079828B4D02F002DB471 /* ArtBookProject.xcdatamodeld */; };
		81D5079C28B4D030002DB471 /* Assets.xcassets in Resources */ = {isa = PBXBuildFile; fileRef = 81D5079B28B4D030002DB471 /* Assets.xcassets */; };
		81D5079F28B4D030002DB471 /* LaunchScreen.storyboard in Resources */ = {isa = PBXBuildFile; fileRef = 81D5079D28B4D030002DB471 /* LaunchScreen.storyboard */; };
		81D507A728B4D314002DB471 /* DetailsVC.swift in Sources */ = {isa = PBXBuildFile; fileRef = 81D507A628B4D314002DB471 /* DetailsVC.swift */; };
/* End PBXBuildFile section */

/* Begin PBXFileReference section */
		818B868E28B4E71B00F57D89 /* select.png */ = {isa = PBXFileReference; lastKnownFileType = image.png; path = select.png; sourceTree = "<group>"; };
		81D5078C28B4D02F002DB471 /* ArtBookProject.app */ = {isa = PBXFileReference; explicitFileType = wrapper.application; includeInIndex = 0; path = ArtBookProject.app; sourceTree = BUILT_PRODUCTS_DIR; };
		81D5078F28B4D02F002DB471 /* AppDelegate.swift */ = {isa = PBXFileReference; lastKnownFileType = sourcecode.swift; path = AppDelegate.swift; sourceTree = "<group>"; };
		81D5079128B4D02F002DB471 /* SceneDelegate.swift */ = {isa = PBXFileReference; lastKnownFileType = sourcecode.swift; path = SceneDelegate.swift; sourceTree = "<group>"; };
		81D5079328B4D02F002DB471 /* ViewController.swift */ = {isa = PBXFileReference; lastKnownFileType = sourcecode.swift; path = ViewController.swift; sourceTree = "<group>"; };
		81D5079628B4D02F002DB471 /* Base */ = {isa = PBXFileReference; lastKnownFileType = file.storyboard; name = Base; path = Base.lproj/Main.storyboard; sourceTree = "<group>"; };
		81D5079928B4D02F002DB471 /* ArtBookProject.xcdatamodel */ = {isa = PBXFileReference; lastKnownFileType = wrapper.xcdatamodel; path = ArtBookProject.xcdatamodel; sourceTree = "<group>"; };
		81D5079B28B4D030002DB471 /* Assets.xcassets */ = {isa = PBXFileReference; lastKnownFileType = folder.assetcatalog; path = Assets.xcassets; sourceTree = "<group>"; };
		81D5079E28B4D030002DB471 /* Base */ = {isa = PBXFileReference; lastKnownFileType = file.storyboard; name = Base; path = Base.lproj/LaunchScreen.storyboard; sourceTree = "<group>"; };
		81D507A028B4D030002DB471 /* Info.plist */ = {isa = PBXFileReference; lastKnownFileType = text.plist.xml; path = Info.plist; sourceTree = "<group>"; };
		81D507A628B4D314002DB471 /* DetailsVC.swift */ = {isa = PBXFileReference; lastKnownFileType = sourcecode.swift; path = DetailsVC.swift; sourceTree = "<group>"; };
/* End PBXFileReference section */

/* Begin PBXFrameworksBuildPhase section */
		81D5078928B4D02F002DB471 /* Frameworks */ = {
			isa = PBXFrameworksBuildPhase;
			buildActionMask = 2147483647;
			files = (
			);
			runOnlyForDeploymentPostprocessing = 0;
		};
/* End PBXFrameworksBuildPhase section */

/* Begin PBXGroup section */
		81D5078328B4D02F002DB471 = {
			isa = PBXGroup;
			children = (
				81D5078E28B4D02F002DB471 /* ArtBookProject */,
				81D5078D28B4D02F002DB471 /* Products */,
			);
			sourceTree = "<group>";
		};
		81D5078D28B4D02F002DB471 /* Products */ = {
			isa = PBXGroup;
			children = (
				81D5078C28B4D02F002DB471 /* ArtBookProject.app */,
			);
			name = Products;
			sourceTree = "<group>";
		};
		81D5078E28B4D02F002DB471 /* ArtBookProject */ = {
			isa = PBXGroup;
			children = (
				818B868E28B4E71B00F57D89 /* select.png */,
				81D5078F28B4D02F002DB471 /* AppDelegate.swift */,
				81D5079128B4D02F002DB471 /* SceneDelegate.swift */,
				81D5079328B4D02F002DB471 /* ViewController.swift */,
				81D507A628B4D314002DB471 /* DetailsVC.swift */,
				81D5079528B4D02F002DB471 /* Main.storyboard */,
				81D5079B28B4D030002DB471 /* Assets.xcassets */,
				81D5079D28B4D030002DB471 /* LaunchScreen.storyboard */,
				81D507A028B4D030002DB471 /* Info.plist */,
				81D5079828B4D02F002DB471 /* ArtBookProject.xcdatamodeld */,
			);
			path = ArtBookProject;
			sourceTree = "<group>";
		};
/* End PBXGroup section */

/* Begin PBXNativeTarget section */
		81D5078B28B4D02F002DB471 /* ArtBookProject */ = {
			isa = PBXNativeTarget;
			buildConfigurationList = 81D507A328B4D030002DB471 /* Build configuration list for PBXNativeTarget "ArtBookProject" */;
			buildPhases = (
				81D5078828B4D02F002DB471 /* Sources */,
				81D5078928B4D02F002DB471 /* Frameworks */,
				81D5078A28B4D02F002DB471 /* Resources */,
			);
			buildRules = (
			);
			dependencies = (
			);
			name = ArtBookProject;
			productName = ArtBookProject;
			productReference = 81D5078C28B4D02F002DB471 /* ArtBookProject.app */;
			productType = "com.apple.product-type.application";
		};
/* End PBXNativeTarget section */

/* Begin PBXProject section */
		81D5078428B4D02F002DB471 /* Project object */ = {
			isa = PBXProject;
			attributes = {
				BuildIndependentTargetsInParallel = 1;
				LastSwiftUpdateCheck = 1400;
				LastUpgradeCheck = 1400;
				TargetAttributes = {
					81D5078B28B4D02F002DB471 = {
						CreatedOnToolsVersion = 14.0;
					};
				};
			};
			buildConfigurationList = 81D5078728B4D02F002DB471 /* Build configuration list for PBXProject "ArtBookProject" */;
			compatibilityVersion = "Xcode 14.0";
			developmentRegion = en;
			hasScannedForEncodings = 0;
			knownRegions = (
				en,
				Base,
			);
			mainGroup = 81D5078328B4D02F002DB471;
			productRefGroup = 81D5078D28B4D02F002DB471 /* Products */;
			projectDirPath = "";
			projectRoot = "";
			targets = (
				81D5078B28B4D02F002DB471 /* ArtBookProject */,
			);
		};
/* End PBXProject section */

/* Begin PBXResourcesBuildPhase section */
		81D5078A28B4D02F002DB471 /* Resources */ = {
			isa = PBXResourcesBuildPhase;
			buildActionMask = 2147483647;
			files = (
				81D5079F28B4D030002DB471 /* LaunchScreen.storyboard in Resources */,
				818B868F28B4E71B00F57D89 /* select.png in Resources */,
				81D5079C28B4D030002DB471 /* Assets.xcassets in Resources */,
				81D5079728B4D02F002DB471 /* Main.storyboard in Resources */,
			);
			runOnlyForDeploymentPostprocessing = 0;
		};
/* End PBXResourcesBuildPhase section */

/* Begin PBXSourcesBuildPhase section */
		81D5078828B4D02F002DB471 /* Sources */ = {
			isa = PBXSourcesBuildPhase;
			buildActionMask = 2147483647;
			files = (
				81D5079A28B4D02F002DB471 /* ArtBookProject.xcdatamodeld in Sources */,
				81D5079428B4D02F002DB471 /* ViewController.swift in Sources */,
				81D5079028B4D02F002DB471 /* AppDelegate.swift in Sources */,
				81D5079228B4D02F002DB471 /* SceneDelegate.swift in Sources */,
				81D507A728B4D314002DB471 /* DetailsVC.swift in Sources */,
			);
			runOnlyForDeploymentPostprocessing = 0;
		};
/* End PBXSourcesBuildPhase section */

/* Begin PBXVariantGroup section */
		81D5079528B4D02F002DB471 /* Main.storyboard */ = {
			isa = PBXVariantGroup;
			children = (
				81D5079628B4D02F002DB471 /* Base */,
			);
			name = Main.storyboard;
			sourceTree = "<group>";
		};
		81D5079D28B4D030002DB471 /* LaunchScreen.storyboard */ = {
			isa = PBXVariantGroup;
			children = (
				81D5079E28B4D030002DB471 /* Base */,
			);
			name = LaunchScreen.storyboard;
			sourceTree = "<group>";
		};
/* End PBXVariantGroup section */

/* Begin XCBuildConfiguration section */
		81D507A128B4D030002DB471 /* Debug */ = {
			isa = XCBuildConfiguration;
			buildSettings = {
				ALWAYS_SEARCH_USER_PATHS = NO;
				CLANG_ANALYZER_NONNULL = YES;
				CLANG_ANALYZER_NUMBER_OBJECT_CONVERSION = YES_AGGRESSIVE;
				CLANG_CXX_LANGUAGE_STANDARD = "gnu++20";
				CLANG_ENABLE_MODULES = YES;
				CLANG_ENABLE_OBJC_ARC = YES;
				CLANG_ENABLE_OBJC_WEAK = YES;
				CLANG_WARN_BLOCK_CAPTURE_AUTORELEASING = YES;
				CLANG_WARN_BOOL_CONVERSION = YES;
				CLANG_WARN_COMMA = YES;
				CLANG_WARN_CONSTANT_CONVERSION = YES;
				CLANG_WARN_DEPRECATED_OBJC_IMPLEMENTATIONS = YES;
				CLANG_WARN_DIRECT_OBJC_ISA_USAGE = YES_ERROR;
				CLANG_WARN_DOCUMENTATION_COMMENTS = YES;
				CLANG_WARN_EMPTY_BODY = YES;
				CLANG_WARN_ENUM_CONVERSION = YES;
				CLANG_WARN_INFINITE_RECURSION = YES;
				CLANG_WARN_INT_CONVERSION = YES;
				CLANG_WARN_NON_LITERAL_NULL_CONVERSION = YES;
				CLANG_WARN_OBJC_IMPLICIT_RETAIN_SELF = YES;
				CLANG_WARN_OBJC_LITERAL_CONVERSION = YES;
				CLANG_WARN_OBJC_ROOT_CLASS = YES_ERROR;
				CLANG_WARN_QUOTED_INCLUDE_IN_FRAMEWORK_HEADER = YES;
				CLANG_WARN_RANGE_LOOP_ANALYSIS = YES;
				CLANG_WARN_STRICT_PROTOTYPES = YES;
				CLANG_WARN_SUSPICIOUS_MOVE = YES;
				CLANG_WARN_UNGUARDED_AVAILABILITY = YES_AGGRESSIVE;
				CLANG_WARN_UNREACHABLE_CODE = YES;
				CLANG_WARN__DUPLICATE_METHOD_MATCH = YES;
				COPY_PHASE_STRIP = NO;
				DEBUG_INFORMATION_FORMAT = dwarf;
				ENABLE_STRICT_OBJC_MSGSEND = YES;
				ENABLE_TESTABILITY = YES;
				GCC_C_LANGUAGE_STANDARD = gnu11;
				GCC_DYNAMIC_NO_PIC = NO;
				GCC_NO_COMMON_BLOCKS = YES;
				GCC_OPTIMIZATION_LEVEL = 0;
				GCC_PREPROCESSOR_DEFINITIONS = (
					"DEBUG=1",
					"$(inherited)",
				);
				GCC_WARN_64_TO_32_BIT_CONVERSION = YES;
				GCC_WARN_ABOUT_RETURN_TYPE = YES_ERROR;
				GCC_WARN_UNDECLARED_SELECTOR = YES;
				GCC_WARN_UNINITIALIZED_AUTOS = YES_AGGRESSIVE;
				GCC_WARN_UNUSED_FUNCTION = YES;
				GCC_WARN_UNUSED_VARIABLE = YES;
				IPHONEOS_DEPLOYMENT_TARGET = 16.0;
				MTL_ENABLE_DEBUG_INFO = INCLUDE_SOURCE;
				MTL_FAST_MATH = YES;
				ONLY_ACTIVE_ARCH = YES;
				SDKROOT = iphoneos;
				SWIFT_ACTIVE_COMPILATION_CONDITIONS = DEBUG;
				SWIFT_OPTIMIZATION_LEVEL = "-Onone";
			};
			name = Debug;
		};
		81D507A228B4D030002DB471 /* Release */ = {
			isa = XCBuildConfiguration;
			buildSettings = {
				ALWAYS_SEARCH_USER_PATHS = NO;
				CLANG_ANALYZER_NONNULL = YES;
				CLANG_ANALYZER_NUMBER_OBJECT_CONVERSION = YES_AGGRESSIVE;
				CLANG_CXX_LANGUAGE_STANDARD = "gnu++20";
				CLANG_ENABLE_MODULES = YES;
				CLANG_ENABLE_OBJC_ARC = YES;
				CLANG_ENABLE_OBJC_WEAK = YES;
				CLANG_WARN_BLOCK_CAPTURE_AUTORELEASING = YES;
				CLANG_WARN_BOOL_CONVERSION = YES;
				CLANG_WARN_COMMA = YES;
				CLANG_WARN_CONSTANT_CONVERSION = YES;
				CLANG_WARN_DEPRECATED_OBJC_IMPLEMENTATIONS = YES;
				CLANG_WARN_DIRECT_OBJC_ISA_USAGE = YES_ERROR;
				CLANG_WARN_DOCUMENTATION_COMMENTS = YES;
				CLANG_WARN_EMPTY_BODY = YES;
				CLANG_WARN_ENUM_CONVERSION = YES;
				CLANG_WARN_INFINITE_RECURSION = YES;
				CLANG_WARN_INT_CONVERSION = YES;
				CLANG_WARN_NON_LITERAL_NULL_CONVERSION = YES;
				CLANG_WARN_OBJC_IMPLICIT_RETAIN_SELF = YES;
				CLANG_WARN_OBJC_LITERAL_CONVERSION = YES;
				CLANG_WARN_OBJC_ROOT_CLASS = YES_ERROR;
				CLANG_WARN_QUOTED_INCLUDE_IN_FRAMEWORK_HEADER = YES;
				CLANG_WARN_RANGE_LOOP_ANALYSIS = YES;
				CLANG_WARN_STRICT_PROTOTYPES = YES;
				CLANG_WARN_SUSPICIOUS_MOVE = YES;
				CLANG_WARN_UNGUARDED_AVAILABILITY = YES_AGGRESSIVE;
				CLANG_WARN_UNREACHABLE_CODE = YES;
				CLANG_WARN__DUPLICATE_METHOD_MATCH = YES;
				COPY_PHASE_STRIP = NO;
				DEBUG_INFORMATION_FORMAT = "dwarf-with-dsym";
				ENABLE_NS_ASSERTIONS = NO;
				ENABLE_STRICT_OBJC_MSGSEND = YES;
				GCC_C_LANGUAGE_STANDARD = gnu11;
				GCC_NO_COMMON_BLOCKS = YES;
				GCC_WARN_64_TO_32_BIT_CONVERSION = YES;
				GCC_WARN_ABOUT_RETURN_TYPE = YES_ERROR;
				GCC_WARN_UNDECLARED_SELECTOR = YES;
				GCC_WARN_UNINITIALIZED_AUTOS = YES_AGGRESSIVE;
				GCC_WARN_UNUSED_FUNCTION = YES;
				GCC_WARN_UNUSED_VARIABLE = YES;
				IPHONEOS_DEPLOYMENT_TARGET = 16.0;
				MTL_ENABLE_DEBUG_INFO = NO;
				MTL_FAST_MATH = YES;
				SDKROOT = iphoneos;
				SWIFT_COMPILATION_MODE = wholemodule;
				SWIFT_OPTIMIZATION_LEVEL = "-O";
				VALIDATE_PRODUCT = YES;
			};
			name = Release;
		};
		81D507A428B4D030002DB471 /* Debug */ = {
			isa = XCBuildConfiguration;
			buildSettings = {
				ASSETCATALOG_COMPILER_APPICON_NAME = AppIcon;
				ASSETCATALOG_COMPILER_GLOBAL_ACCENT_COLOR_NAME = AccentColor;
				CODE_SIGN_STYLE = Automatic;
				CURRENT_PROJECT_VERSION = 1;
				GENERATE_INFOPLIST_FILE = YES;
				INFOPLIST_FILE = ArtBookProject/Info.plist;
				INFOPLIST_KEY_UIApplicationSupportsIndirectInputEvents = YES;
				INFOPLIST_KEY_UILaunchStoryboardName = LaunchScreen;
				INFOPLIST_KEY_UIMainStoryboardFile = Main;
				INFOPLIST_KEY_UISupportedInterfaceOrientations_iPad = "UIInterfaceOrientationPortrait UIInterfaceOrientationPortraitUpsideDown UIInterfaceOrientationLandscapeLeft UIInterfaceOrientationLandscapeRight";
				INFOPLIST_KEY_UISupportedInterfaceOrientations_iPhone = "UIInterfaceOrientationPortrait UIInterfaceOrientationLandscapeLeft UIInterfaceOrientationLandscapeRight";
				LD_RUNPATH_SEARCH_PATHS = (
					"$(inherited)",
					"@executable_path/Frameworks",
				);
				MARKETING_VERSION = 1.0;
				PRODUCT_BUNDLE_IDENTIFIER = com.cengizhantomak.ArtBookProject;
				PRODUCT_NAME = "$(TARGET_NAME)";
				SWIFT_EMIT_LOC_STRINGS = YES;
				SWIFT_VERSION = 5.0;
				TARGETED_DEVICE_FAMILY = "1,2";
			};
			name = Debug;
		};
		81D507A528B4D030002DB471 /* Release */ = {
			isa = XCBuildConfiguration;
			buildSettings = {
				ASSETCATALOG_COMPILER_APPICON_NAME = AppIcon;
				ASSETCATALOG_COMPILER_GLOBAL_ACCENT_COLOR_NAME = AccentColor;
				CODE_SIGN_STYLE = Automatic;
				CURRENT_PROJECT_VERSION = 1;
				GENERATE_INFOPLIST_FILE = YES;
				INFOPLIST_FILE = ArtBookProject/Info.plist;
				INFOPLIST_KEY_UIApplicationSupportsIndirectInputEvents = YES;
				INFOPLIST_KEY_UILaunchStoryboardName = LaunchScreen;
				INFOPLIST_KEY_UIMainStoryboardFile = Main;
				INFOPLIST_KEY_UISupportedInterfaceOrientations_iPad = "UIInterfaceOrientationPortrait UIInterfaceOrientationPortraitUpsideDown UIInterfaceOrientationLandscapeLeft UIInterfaceOrientationLandscapeRight";
				INFOPLIST_KEY_UISupportedInterfaceOrientations_iPhone = "UIInterfaceOrientationPortrait UIInterfaceOrientationLandscapeLeft UIInterfaceOrientationLandscapeRight";
				LD_RUNPATH_SEARCH_PATHS = (
					"$(inherited)",
					"@executable_path/Frameworks",
				);
				MARKETING_VERSION = 1.0;
				PRODUCT_BUNDLE_IDENTIFIER = com.cengizhantomak.ArtBookProject;
				PRODUCT_NAME = "$(TARGET_NAME)";
				SWIFT_EMIT_LOC_STRINGS = YES;
				SWIFT_VERSION = 5.0;
				TARGETED_DEVICE_FAMILY = "1,2";
			};
			name = Release;
		};
/* End XCBuildConfiguration section */

/* Begin XCConfigurationList section */
		81D5078728B4D02F002DB471 /* Build configuration list for PBXProject "ArtBookProject" */ = {
			isa = XCConfigurationList;
			buildConfigurations = (
				81D507A128B4D030002DB471 /* Debug */,
				81D507A228B4D030002DB471 /* Release */,
			);
			defaultConfigurationIsVisible = 0;
			defaultConfigurationName = Release;
		};
		81D507A328B4D030002DB471 /* Build configuration list for PBXNativeTarget "ArtBookProject" */ = {
			isa = XCConfigurationList;
			buildConfigurations = (
				81D507A428B4D030002DB471 /* Debug */,
				81D507A528B4D030002DB471 /* Release */,
			);
			defaultConfigurationIsVisible = 0;
			defaultConfigurationName = Release;
		};
/* End XCConfigurationList section */

/* Begin XCVersionGroup section */
		81D5079828B4D02F002DB471 /* ArtBookProject.xcdatamodeld */ = {
			isa = XCVersionGroup;
			children = (
				81D5079928B4D02F002DB471 /* ArtBookProject.xcdatamodel */,
			);
			currentVersion = 81D5079928B4D02F002DB471 /* ArtBookProject.xcdatamodel */;
			path = ArtBookProject.xcdatamodeld;
			sourceTree = "<group>";
			versionGroupType = wrapper.xcdatamodel;
		};
/* End XCVersionGroup section */
	};
	rootObject = 81D5078428B4D02F002DB471 /* Project object */;
}
