// !$*UTF8*$!
{
	archiveVersion = 1;
	classes = {
	};
	objectVersion = 56;
	objects = {

/* Begin PBXBuildFile section */
		811CEEF128B6611300930C14 /* AppDelegate.swift in Sources */ = {isa = PBXBuildFile; fileRef = 811CEEF028B6611300930C14 /* AppDelegate.swift */; };
		811CEEF328B6611300930C14 /* SceneDelegate.swift in Sources */ = {isa = PBXBuildFile; fileRef = 811CEEF228B6611300930C14 /* SceneDelegate.swift */; };
		811CEEF528B6611300930C14 /* ViewController.swift in Sources */ = {isa = PBXBuildFile; fileRef = 811CEEF428B6611300930C14 /* ViewController.swift */; };
		811CEEF828B6611300930C14 /* Main.storyboard in Resources */ = {isa = PBXBuildFile; fileRef = 811CEEF628B6611300930C14 /* Main.storyboard */; };
		811CEEFB28B6611300930C14 /* TravelBook.xcdatamodeld in Sources */ = {isa = PBXBuildFile; fileRef = 811CEEF928B6611300930C14 /* TravelBook.xcdatamodeld */; };
		811CEEFD28B6611400930C14 /* Assets.xcassets in Resources */ = {isa = PBXBuildFile; fileRef = 811CEEFC28B6611400930C14 /* Assets.xcassets */; };
		811CEF0028B6611400930C14 /* LaunchScreen.storyboard in Resources */ = {isa = PBXBuildFile; fileRef = 811CEEFE28B6611400930C14 /* LaunchScreen.storyboard */; };
		81C00B8D28B7AD160070F42B /* ListViewController.swift in Sources */ = {isa = PBXBuildFile; fileRef = 81C00B8C28B7AD160070F42B /* ListViewController.swift */; };
/* End PBXBuildFile section */

/* Begin PBXFileReference section */
		811CEEED28B6611300930C14 /* TravelBook.app */ = {isa = PBXFileReference; explicitFileType = wrapper.application; includeInIndex = 0; path = TravelBook.app; sourceTree = BUILT_PRODUCTS_DIR; };
		811CEEF028B6611300930C14 /* AppDelegate.swift */ = {isa = PBXFileReference; lastKnownFileType = sourcecode.swift; path = AppDelegate.swift; sourceTree = "<group>"; };
		811CEEF228B6611300930C14 /* SceneDelegate.swift */ = {isa = PBXFileReference; lastKnownFileType = sourcecode.swift; path = SceneDelegate.swift; sourceTree = "<group>"; };
		811CEEF428B6611300930C14 /* ViewController.swift */ = {isa = PBXFileReference; lastKnownFileType = sourcecode.swift; path = ViewController.swift; sourceTree = "<group>"; };
		811CEEF728B6611300930C14 /* Base */ = {isa = PBXFileReference; lastKnownFileType = file.storyboard; name = Base; path = Base.lproj/Main.storyboard; sourceTree = "<group>"; };
		811CEEFA28B6611300930C14 /* TravelBook.xcdatamodel */ = {isa = PBXFileReference; lastKnownFileType = wrapper.xcdatamodel; path = TravelBook.xcdatamodel; sourceTree = "<group>"; };
		811CEEFC28B6611400930C14 /* Assets.xcassets */ = {isa = PBXFileReference; lastKnownFileType = folder.assetcatalog; path = Assets.xcassets; sourceTree = "<group>"; };
		811CEEFF28B6611400930C14 /* Base */ = {isa = PBXFileReference; lastKnownFileType = file.storyboard; name = Base; path = Base.lproj/LaunchScreen.storyboard; sourceTree = "<group>"; };
		811CEF0128B6611400930C14 /* Info.plist */ = {isa = PBXFileReference; lastKnownFileType = text.plist.xml; path = Info.plist; sourceTree = "<group>"; };
		81C00B8C28B7AD160070F42B /* ListViewController.swift */ = {isa = PBXFileReference; lastKnownFileType = sourcecode.swift; path = ListViewController.swift; sourceTree = "<group>"; };
/* End PBXFileReference section */

/* Begin PBXFrameworksBuildPhase section */
		811CEEEA28B6611300930C14 /* Frameworks */ = {
			isa = PBXFrameworksBuildPhase;
			buildActionMask = 2147483647;
			files = (
			);
			runOnlyForDeploymentPostprocessing = 0;
		};
/* End PBXFrameworksBuildPhase section */

/* Begin PBXGroup section */
		811CEEE428B6611300930C14 = {
			isa = PBXGroup;
			children = (
				811CEEEF28B6611300930C14 /* TravelBook */,
				811CEEEE28B6611300930C14 /* Products */,
			);
			sourceTree = "<group>";
		};
		811CEEEE28B6611300930C14 /* Products */ = {
			isa = PBXGroup;
			children = (
				811CEEED28B6611300930C14 /* TravelBook.app */,
			);
			name = Products;
			sourceTree = "<group>";
		};
		811CEEEF28B6611300930C14 /* TravelBook */ = {
			isa = PBXGroup;
			children = (
				811CEEF028B6611300930C14 /* AppDelegate.swift */,
				811CEEF228B6611300930C14 /* SceneDelegate.swift */,
				811CEEF428B6611300930C14 /* ViewController.swift */,
				81C00B8C28B7AD160070F42B /* ListViewController.swift */,
				811CEEF628B6611300930C14 /* Main.storyboard */,
				811CEEFC28B6611400930C14 /* Assets.xcassets */,
				811CEEFE28B6611400930C14 /* LaunchScreen.storyboard */,
				811CEF0128B6611400930C14 /* Info.plist */,
				811CEEF928B6611300930C14 /* TravelBook.xcdatamodeld */,
			);
			path = TravelBook;
			sourceTree = "<group>";
		};
/* End PBXGroup section */

/* Begin PBXNativeTarget section */
		811CEEEC28B6611300930C14 /* TravelBook */ = {
			isa = PBXNativeTarget;
			buildConfigurationList = 811CEF0428B6611400930C14 /* Build configuration list for PBXNativeTarget "TravelBook" */;
			buildPhases = (
				811CEEE928B6611300930C14 /* Sources */,
				811CEEEA28B6611300930C14 /* Frameworks */,
				811CEEEB28B6611300930C14 /* Resources */,
			);
			buildRules = (
			);
			dependencies = (
			);
			name = TravelBook;
			productName = TravelBook;
			productReference = 811CEEED28B6611300930C14 /* TravelBook.app */;
			productType = "com.apple.product-type.application";
		};
/* End PBXNativeTarget section */

/* Begin PBXProject section */
		811CEEE528B6611300930C14 /* Project object */ = {
			isa = PBXProject;
			attributes = {
				BuildIndependentTargetsInParallel = 1;
				LastSwiftUpdateCheck = 1400;
				LastUpgradeCheck = 1400;
				TargetAttributes = {
					811CEEEC28B6611300930C14 = {
						CreatedOnToolsVersion = 14.0;
					};
				};
			};
			buildConfigurationList = 811CEEE828B6611300930C14 /* Build configuration list for PBXProject "TravelBook" */;
			compatibilityVersion = "Xcode 14.0";
			developmentRegion = en;
			hasScannedForEncodings = 0;
			knownRegions = (
				en,
				Base,
			);
			mainGroup = 811CEEE428B6611300930C14;
			productRefGroup = 811CEEEE28B6611300930C14 /* Products */;
			projectDirPath = "";
			projectRoot = "";
			targets = (
				811CEEEC28B6611300930C14 /* TravelBook */,
			);
		};
/* End PBXProject section */

/* Begin PBXResourcesBuildPhase section */
		811CEEEB28B6611300930C14 /* Resources */ = {
			isa = PBXResourcesBuildPhase;
			buildActionMask = 2147483647;
			files = (
				811CEF0028B6611400930C14 /* LaunchScreen.storyboard in Resources */,
				811CEEFD28B6611400930C14 /* Assets.xcassets in Resources */,
				811CEEF828B6611300930C14 /* Main.storyboard in Resources */,
			);
			runOnlyForDeploymentPostprocessing = 0;
		};
/* End PBXResourcesBuildPhase section */

/* Begin PBXSourcesBuildPhase section */
		811CEEE928B6611300930C14 /* Sources */ = {
			isa = PBXSourcesBuildPhase;
			buildActionMask = 2147483647;
			files = (
				811CEEFB28B6611300930C14 /* TravelBook.xcdatamodeld in Sources */,
				811CEEF528B6611300930C14 /* ViewController.swift in Sources */,
				811CEEF128B6611300930C14 /* AppDelegate.swift in Sources */,
				81C00B8D28B7AD160070F42B /* ListViewController.swift in Sources */,
				811CEEF328B6611300930C14 /* SceneDelegate.swift in Sources */,
			);
			runOnlyForDeploymentPostprocessing = 0;
		};
/* End PBXSourcesBuildPhase section */

/* Begin PBXVariantGroup section */
		811CEEF628B6611300930C14 /* Main.storyboard */ = {
			isa = PBXVariantGroup;
			children = (
				811CEEF728B6611300930C14 /* Base */,
			);
			name = Main.storyboard;
			sourceTree = "<group>";
		};
		811CEEFE28B6611400930C14 /* LaunchScreen.storyboard */ = {
			isa = PBXVariantGroup;
			children = (
				811CEEFF28B6611400930C14 /* Base */,
			);
			name = LaunchScreen.storyboard;
			sourceTree = "<group>";
		};
/* End PBXVariantGroup section */

/* Begin XCBuildConfiguration section */
		811CEF0228B6611400930C14 /* Debug */ = {
			isa = XCBuildConfiguration;
			buildSettings = {
				ALWAYS_SEARCH_USER_PATHS = NO;
				CLANG_ANALYZER_NONNULL = YES;
				CLANG_ANALYZER_NUMBER_OBJECT_CONVERSION = YES_AGGRESSIVE;
				CLANG_CXX_LANGUAGE_STANDARD = "gnu++20";
				CLANG_ENABLE_MODULES = YES;
				CLANG_ENABLE_OBJC_ARC = YES;
				CLANG_ENABLE_OBJC_WEAK = YES;
				CLANG_WARN_BLOCK_CAPTURE_AUTORELEASING = YES;
				CLANG_WARN_BOOL_CONVERSION = YES;
				CLANG_WARN_COMMA = YES;
				CLANG_WARN_CONSTANT_CONVERSION = YES;
				CLANG_WARN_DEPRECATED_OBJC_IMPLEMENTATIONS = YES;
				CLANG_WARN_DIRECT_OBJC_ISA_USAGE = YES_ERROR;
				CLANG_WARN_DOCUMENTATION_COMMENTS = YES;
				CLANG_WARN_EMPTY_BODY = YES;
				CLANG_WARN_ENUM_CONVERSION = YES;
				CLANG_WARN_INFINITE_RECURSION = YES;
				CLANG_WARN_INT_CONVERSION = YES;
				CLANG_WARN_NON_LITERAL_NULL_CONVERSION = YES;
				CLANG_WARN_OBJC_IMPLICIT_RETAIN_SELF = YES;
				CLANG_WARN_OBJC_LITERAL_CONVERSION = YES;
				CLANG_WARN_OBJC_ROOT_CLASS = YES_ERROR;
				CLANG_WARN_QUOTED_INCLUDE_IN_FRAMEWORK_HEADER = YES;
				CLANG_WARN_RANGE_LOOP_ANALYSIS = YES;
				CLANG_WARN_STRICT_PROTOTYPES = YES;
				CLANG_WARN_SUSPICIOUS_MOVE = YES;
				CLANG_WARN_UNGUARDED_AVAILABILITY = YES_AGGRESSIVE;
				CLANG_WARN_UNREACHABLE_CODE = YES;
				CLANG_WARN__DUPLICATE_METHOD_MATCH = YES;
				COPY_PHASE_STRIP = NO;
				DEBUG_INFORMATION_FORMAT = dwarf;
				ENABLE_STRICT_OBJC_MSGSEND = YES;
				ENABLE_TESTABILITY = YES;
				GCC_C_LANGUAGE_STANDARD = gnu11;
				GCC_DYNAMIC_NO_PIC = NO;
				GCC_NO_COMMON_BLOCKS = YES;
				GCC_OPTIMIZATION_LEVEL = 0;
				GCC_PREPROCESSOR_DEFINITIONS = (
					"DEBUG=1",
					"$(inherited)",
				);
				GCC_WARN_64_TO_32_BIT_CONVERSION = YES;
				GCC_WARN_ABOUT_RETURN_TYPE = YES_ERROR;
				GCC_WARN_UNDECLARED_SELECTOR = YES;
				GCC_WARN_UNINITIALIZED_AUTOS = YES_AGGRESSIVE;
				GCC_WARN_UNUSED_FUNCTION = YES;
				GCC_WARN_UNUSED_VARIABLE = YES;
				IPHONEOS_DEPLOYMENT_TARGET = 16.0;
				MTL_ENABLE_DEBUG_INFO = INCLUDE_SOURCE;
				MTL_FAST_MATH = YES;
				ONLY_ACTIVE_ARCH = YES;
				SDKROOT = iphoneos;
				SWIFT_ACTIVE_COMPILATION_CONDITIONS = DEBUG;
				SWIFT_OPTIMIZATION_LEVEL = "-Onone";
			};
			name = Debug;
		};
		811CEF0328B6611400930C14 /* Release */ = {
			isa = XCBuildConfiguration;
			buildSettings = {
				ALWAYS_SEARCH_USER_PATHS = NO;
				CLANG_ANALYZER_NONNULL = YES;
				CLANG_ANALYZER_NUMBER_OBJECT_CONVERSION = YES_AGGRESSIVE;
				CLANG_CXX_LANGUAGE_STANDARD = "gnu++20";
				CLANG_ENABLE_MODULES = YES;
				CLANG_ENABLE_OBJC_ARC = YES;
				CLANG_ENABLE_OBJC_WEAK = YES;
				CLANG_WARN_BLOCK_CAPTURE_AUTORELEASING = YES;
				CLANG_WARN_BOOL_CONVERSION = YES;
				CLANG_WARN_COMMA = YES;
				CLANG_WARN_CONSTANT_CONVERSION = YES;
				CLANG_WARN_DEPRECATED_OBJC_IMPLEMENTATIONS = YES;
				CLANG_WARN_DIRECT_OBJC_ISA_USAGE = YES_ERROR;
				CLANG_WARN_DOCUMENTATION_COMMENTS = YES;
				CLANG_WARN_EMPTY_BODY = YES;
				CLANG_WARN_ENUM_CONVERSION = YES;
				CLANG_WARN_INFINITE_RECURSION = YES;
				CLANG_WARN_INT_CONVERSION = YES;
				CLANG_WARN_NON_LITERAL_NULL_CONVERSION = YES;
				CLANG_WARN_OBJC_IMPLICIT_RETAIN_SELF = YES;
				CLANG_WARN_OBJC_LITERAL_CONVERSION = YES;
				CLANG_WARN_OBJC_ROOT_CLASS = YES_ERROR;
				CLANG_WARN_QUOTED_INCLUDE_IN_FRAMEWORK_HEADER = YES;
				CLANG_WARN_RANGE_LOOP_ANALYSIS = YES;
				CLANG_WARN_STRICT_PROTOTYPES = YES;
				CLANG_WARN_SUSPICIOUS_MOVE = YES;
				CLANG_WARN_UNGUARDED_AVAILABILITY = YES_AGGRESSIVE;
				CLANG_WARN_UNREACHABLE_CODE = YES;
				CLANG_WARN__DUPLICATE_METHOD_MATCH = YES;
				COPY_PHASE_STRIP = NO;
				DEBUG_INFORMATION_FORMAT = "dwarf-with-dsym";
				ENABLE_NS_ASSERTIONS = NO;
				ENABLE_STRICT_OBJC_MSGSEND = YES;
				GCC_C_LANGUAGE_STANDARD = gnu11;
				GCC_NO_COMMON_BLOCKS = YES;
				GCC_WARN_64_TO_32_BIT_CONVERSION = YES;
				GCC_WARN_ABOUT_RETURN_TYPE = YES_ERROR;
				GCC_WARN_UNDECLARED_SELECTOR = YES;
				GCC_WARN_UNINITIALIZED_AUTOS = YES_AGGRESSIVE;
				GCC_WARN_UNUSED_FUNCTION = YES;
				GCC_WARN_UNUSED_VARIABLE = YES;
				IPHONEOS_DEPLOYMENT_TARGET = 16.0;
				MTL_ENABLE_DEBUG_INFO = NO;
				MTL_FAST_MATH = YES;
				SDKROOT = iphoneos;
				SWIFT_COMPILATION_MODE = wholemodule;
				SWIFT_OPTIMIZATION_LEVEL = "-O";
				VALIDATE_PRODUCT = YES;
			};
			name = Release;
		};
		811CEF0528B6611400930C14 /* Debug */ = {
			isa = XCBuildConfiguration;
			buildSettings = {
				ASSETCATALOG_COMPILER_APPICON_NAME = AppIcon;
				ASSETCATALOG_COMPILER_GLOBAL_ACCENT_COLOR_NAME = AccentColor;
				CODE_SIGN_STYLE = Automatic;
				CURRENT_PROJECT_VERSION = 1;
				GENERATE_INFOPLIST_FILE = YES;
				INFOPLIST_FILE = TravelBook/Info.plist;
				INFOPLIST_KEY_UIApplicationSupportsIndirectInputEvents = YES;
				INFOPLIST_KEY_UILaunchStoryboardName = LaunchScreen;
				INFOPLIST_KEY_UIMainStoryboardFile = Main;
				INFOPLIST_KEY_UISupportedInterfaceOrientations_iPad = "UIInterfaceOrientationPortrait UIInterfaceOrientationPortraitUpsideDown UIInterfaceOrientationLandscapeLeft UIInterfaceOrientationLandscapeRight";
				INFOPLIST_KEY_UISupportedInterfaceOrientations_iPhone = "UIInterfaceOrientationPortrait UIInterfaceOrientationLandscapeLeft UIInterfaceOrientationLandscapeRight";
				IPHONEOS_DEPLOYMENT_TARGET = 16.0;
				LD_RUNPATH_SEARCH_PATHS = (
					"$(inherited)",
					"@executable_path/Frameworks",
				);
				MARKETING_VERSION = 1.0;
				PRODUCT_BUNDLE_IDENTIFIER = com.cengizhantomak.TravelBook;
				PRODUCT_NAME = "$(TARGET_NAME)";
				SWIFT_EMIT_LOC_STRINGS = YES;
				SWIFT_VERSION = 5.0;
				TARGETED_DEVICE_FAMILY = "1,2";
			};
			name = Debug;
		};
		811CEF0628B6611400930C14 /* Release */ = {
			isa = XCBuildConfiguration;
			buildSettings = {
				ASSETCATALOG_COMPILER_APPICON_NAME = AppIcon;
				ASSETCATALOG_COMPILER_GLOBAL_ACCENT_COLOR_NAME = AccentColor;
				CODE_SIGN_STYLE = Automatic;
				CURRENT_PROJECT_VERSION = 1;
				GENERATE_INFOPLIST_FILE = YES;
				INFOPLIST_FILE = TravelBook/Info.plist;
				INFOPLIST_KEY_UIApplicationSupportsIndirectInputEvents = YES;
				INFOPLIST_KEY_UILaunchStoryboardName = LaunchScreen;
				INFOPLIST_KEY_UIMainStoryboardFile = Main;
				INFOPLIST_KEY_UISupportedInterfaceOrientations_iPad = "UIInterfaceOrientationPortrait UIInterfaceOrientationPortraitUpsideDown UIInterfaceOrientationLandscapeLeft UIInterfaceOrientationLandscapeRight";
				INFOPLIST_KEY_UISupportedInterfaceOrientations_iPhone = "UIInterfaceOrientationPortrait UIInterfaceOrientationLandscapeLeft UIInterfaceOrientationLandscapeRight";
				IPHONEOS_DEPLOYMENT_TARGET = 16.0;
				LD_RUNPATH_SEARCH_PATHS = (
					"$(inherited)",
					"@executable_path/Frameworks",
				);
				MARKETING_VERSION = 1.0;
				PRODUCT_BUNDLE_IDENTIFIER = com.cengizhantomak.TravelBook;
				PRODUCT_NAME = "$(TARGET_NAME)";
				SWIFT_EMIT_LOC_STRINGS = YES;
				SWIFT_VERSION = 5.0;
				TARGETED_DEVICE_FAMILY = "1,2";
			};
			name = Release;
		};
/* End XCBuildConfiguration section */

/* Begin XCConfigurationList section */
		811CEEE828B6611300930C14 /* Build configuration list for PBXProject "TravelBook" */ = {
			isa = XCConfigurationList;
			buildConfigurations = (
				811CEF0228B6611400930C14 /* Debug */,
				811CEF0328B6611400930C14 /* Release */,
			);
			defaultConfigurationIsVisible = 0;
			defaultConfigurationName = Release;
		};
		811CEF0428B6611400930C14 /* Build configuration list for PBXNativeTarget "TravelBook" */ = {
			isa = XCConfigurationList;
			buildConfigurations = (
				811CEF0528B6611400930C14 /* Debug */,
				811CEF0628B6611400930C14 /* Release */,
			);
			defaultConfigurationIsVisible = 0;
			defaultConfigurationName = Release;
		};
/* End XCConfigurationList section */

/* Begin XCVersionGroup section */
		811CEEF928B6611300930C14 /* TravelBook.xcdatamodeld */ = {
			isa = XCVersionGroup;
			children = (
				811CEEFA28B6611300930C14 /* TravelBook.xcdatamodel */,
			);
			currentVersion = 811CEEFA28B6611300930C14 /* TravelBook.xcdatamodel */;
			path = TravelBook.xcdatamodeld;
			sourceTree = "<group>";
			versionGroupType = wrapper.xcdatamodel;
		};
/* End XCVersionGroup section */
	};
	rootObject = 811CEEE528B6611300930C14 /* Project object */;
}
