// !$*UTF8*$!
{
	archiveVersion = 1;
	classes = {
	};
	objectVersion = 56;
	objects = {

/* Begin PBXBuildFile section */
		2133C5F61BF4882E76137323 /* Pods_FoursquareCloneParse.framework in Frameworks */ = {isa = PBXBuildFile; fileRef = 5BE2B300EBF255813BC3537A /* Pods_FoursquareCloneParse.framework */; };
		47550A5929B0BDF20036E586 /* AppDelegate.swift in Sources */ = {isa = PBXBuildFile; fileRef = 47550A5829B0BDF20036E586 /* AppDelegate.swift */; };
		47550A5B29B0BDF20036E586 /* SceneDelegate.swift in Sources */ = {isa = PBXBuildFile; fileRef = 47550A5A29B0BDF20036E586 /* SceneDelegate.swift */; };
		47550A5D29B0BDF20036E586 /* SignUpVC.swift in Sources */ = {isa = PBXBuildFile; fileRef = 47550A5C29B0BDF20036E586 /* SignUpVC.swift */; };
		47550A6029B0BDF20036E586 /* Main.storyboard in Resources */ = {isa = PBXBuildFile; fileRef = 47550A5E29B0BDF20036E586 /* Main.storyboard */; };
		47550A6229B0BDF30036E586 /* Assets.xcassets in Resources */ = {isa = PBXBuildFile; fileRef = 47550A6129B0BDF30036E586 /* Assets.xcassets */; };
		47550A6529B0BDF30036E586 /* LaunchScreen.storyboard in Resources */ = {isa = PBXBuildFile; fileRef = 47550A6329B0BDF30036E586 /* LaunchScreen.storyboard */; };
		47D5880829B0F52C00D92C62 /* PlacesVC.swift in Sources */ = {isa = PBXBuildFile; fileRef = 47D5880729B0F52C00D92C62 /* PlacesVC.swift */; };
		47D5880A29B1110C00D92C62 /* AddPlaceVC.swift in Sources */ = {isa = PBXBuildFile; fileRef = 47D5880929B1110C00D92C62 /* AddPlaceVC.swift */; };
		47D5880C29B1136C00D92C62 /* MapVC.swift in Sources */ = {isa = PBXBuildFile; fileRef = 47D5880B29B1136C00D92C62 /* MapVC.swift */; };
		47D5880E29B11AAB00D92C62 /* DetailsVC.swift in Sources */ = {isa = PBXBuildFile; fileRef = 47D5880D29B11AAB00D92C62 /* DetailsVC.swift */; };
		47D5881029B1236600D92C62 /* PlaceModel.swift in Sources */ = {isa = PBXBuildFile; fileRef = 47D5880F29B1236600D92C62 /* PlaceModel.swift */; };
/* End PBXBuildFile section */

/* Begin PBXFileReference section */
		47550A5529B0BDF20036E586 /* FoursquareCloneParse.app */ = {isa = PBXFileReference; explicitFileType = wrapper.application; includeInIndex = 0; path = FoursquareCloneParse.app; sourceTree = BUILT_PRODUCTS_DIR; };
		47550A5829B0BDF20036E586 /* AppDelegate.swift */ = {isa = PBXFileReference; lastKnownFileType = sourcecode.swift; path = AppDelegate.swift; sourceTree = "<group>"; };
		47550A5A29B0BDF20036E586 /* SceneDelegate.swift */ = {isa = PBXFileReference; lastKnownFileType = sourcecode.swift; path = SceneDelegate.swift; sourceTree = "<group>"; };
		47550A5C29B0BDF20036E586 /* SignUpVC.swift */ = {isa = PBXFileReference; lastKnownFileType = sourcecode.swift; path = SignUpVC.swift; sourceTree = "<group>"; };
		47550A5F29B0BDF20036E586 /* Base */ = {isa = PBXFileReference; lastKnownFileType = file.storyboard; name = Base; path = Base.lproj/Main.storyboard; sourceTree = "<group>"; };
		47550A6129B0BDF30036E586 /* Assets.xcassets */ = {isa = PBXFileReference; lastKnownFileType = folder.assetcatalog; path = Assets.xcassets; sourceTree = "<group>"; };
		47550A6429B0BDF30036E586 /* Base */ = {isa = PBXFileReference; lastKnownFileType = file.storyboard; name = Base; path = Base.lproj/LaunchScreen.storyboard; sourceTree = "<group>"; };
		47550A6629B0BDF30036E586 /* Info.plist */ = {isa = PBXFileReference; lastKnownFileType = text.plist.xml; path = Info.plist; sourceTree = "<group>"; };
		47D5880729B0F52C00D92C62 /* PlacesVC.swift */ = {isa = PBXFileReference; lastKnownFileType = sourcecode.swift; path = PlacesVC.swift; sourceTree = "<group>"; };
		47D5880929B1110C00D92C62 /* AddPlaceVC.swift */ = {isa = PBXFileReference; lastKnownFileType = sourcecode.swift; path = AddPlaceVC.swift; sourceTree = "<group>"; };
		47D5880B29B1136C00D92C62 /* MapVC.swift */ = {isa = PBXFileReference; lastKnownFileType = sourcecode.swift; path = MapVC.swift; sourceTree = "<group>"; };
		47D5880D29B11AAB00D92C62 /* DetailsVC.swift */ = {isa = PBXFileReference; lastKnownFileType = sourcecode.swift; path = DetailsVC.swift; sourceTree = "<group>"; };
		47D5880F29B1236600D92C62 /* PlaceModel.swift */ = {isa = PBXFileReference; lastKnownFileType = sourcecode.swift; path = PlaceModel.swift; sourceTree = "<group>"; };
		5BE2B300EBF255813BC3537A /* Pods_FoursquareCloneParse.framework */ = {isa = PBXFileReference; explicitFileType = wrapper.framework; includeInIndex = 0; path = Pods_FoursquareCloneParse.framework; sourceTree = BUILT_PRODUCTS_DIR; };
		822134EF56A0C2A806474161 /* Pods-FoursquareCloneParse.debug.xcconfig */ = {isa = PBXFileReference; includeInIndex = 1; lastKnownFileType = text.xcconfig; name = "Pods-FoursquareCloneParse.debug.xcconfig"; path = "Target Support Files/Pods-FoursquareCloneParse/Pods-FoursquareCloneParse.debug.xcconfig"; sourceTree = "<group>"; };
		B2C40C99E84FC2E3B81CB14C /* Pods-FoursquareCloneParse.release.xcconfig */ = {isa = PBXFileReference; includeInIndex = 1; lastKnownFileType = text.xcconfig; name = "Pods-FoursquareCloneParse.release.xcconfig"; path = "Target Support Files/Pods-FoursquareCloneParse/Pods-FoursquareCloneParse.release.xcconfig"; sourceTree = "<group>"; };
/* End PBXFileReference section */

/* Begin PBXFrameworksBuildPhase section */
		47550A5229B0BDF20036E586 /* Frameworks */ = {
			isa = PBXFrameworksBuildPhase;
			buildActionMask = 2147483647;
			files = (
				2133C5F61BF4882E76137323 /* Pods_FoursquareCloneParse.framework in Frameworks */,
			);
			runOnlyForDeploymentPostprocessing = 0;
		};
/* End PBXFrameworksBuildPhase section */

/* Begin PBXGroup section */
		29370CD60FAE9135773347FD /* Pods */ = {
			isa = PBXGroup;
			children = (
				822134EF56A0C2A806474161 /* Pods-FoursquareCloneParse.debug.xcconfig */,
				B2C40C99E84FC2E3B81CB14C /* Pods-FoursquareCloneParse.release.xcconfig */,
			);
			path = Pods;
			sourceTree = "<group>";
		};
		47550A4C29B0BDF20036E586 = {
			isa = PBXGroup;
			children = (
				47550A5729B0BDF20036E586 /* FoursquareCloneParse */,
				47550A5629B0BDF20036E586 /* Products */,
				29370CD60FAE9135773347FD /* Pods */,
				5AACD5B9A70A2727BD13AA57 /* Frameworks */,
			);
			sourceTree = "<group>";
		};
		47550A5629B0BDF20036E586 /* Products */ = {
			isa = PBXGroup;
			children = (
				47550A5529B0BDF20036E586 /* FoursquareCloneParse.app */,
			);
			name = Products;
			sourceTree = "<group>";
		};
		47550A5729B0BDF20036E586 /* FoursquareCloneParse */ = {
			isa = PBXGroup;
			children = (
				47550A5829B0BDF20036E586 /* AppDelegate.swift */,
				47550A5A29B0BDF20036E586 /* SceneDelegate.swift */,
				47550A5C29B0BDF20036E586 /* SignUpVC.swift */,
				47D5880729B0F52C00D92C62 /* PlacesVC.swift */,
				47D5880929B1110C00D92C62 /* AddPlaceVC.swift */,
				47D5880B29B1136C00D92C62 /* MapVC.swift */,
				47D5880D29B11AAB00D92C62 /* DetailsVC.swift */,
				47D5880F29B1236600D92C62 /* PlaceModel.swift */,
				47550A5E29B0BDF20036E586 /* Main.storyboard */,
				47550A6129B0BDF30036E586 /* Assets.xcassets */,
				47550A6329B0BDF30036E586 /* LaunchScreen.storyboard */,
				47550A6629B0BDF30036E586 /* Info.plist */,
			);
			path = FoursquareCloneParse;
			sourceTree = "<group>";
		};
		5AACD5B9A70A2727BD13AA57 /* Frameworks */ = {
			isa = PBXGroup;
			children = (
				5BE2B300EBF255813BC3537A /* Pods_FoursquareCloneParse.framework */,
			);
			name = Frameworks;
			sourceTree = "<group>";
		};
/* End PBXGroup section */

/* Begin PBXNativeTarget section */
		47550A5429B0BDF20036E586 /* FoursquareCloneParse */ = {
			isa = PBXNativeTarget;
			buildConfigurationList = 47550A6929B0BDF30036E586 /* Build configuration list for PBXNativeTarget "FoursquareCloneParse" */;
			buildPhases = (
				32636460B47A7CECA1B47696 /* [CP] Check Pods Manifest.lock */,
				47550A5129B0BDF20036E586 /* Sources */,
				47550A5229B0BDF20036E586 /* Frameworks */,
				47550A5329B0BDF20036E586 /* Resources */,
				FCD732231A28A1E4C5A3FDC0 /* [CP] Embed Pods Frameworks */,
			);
			buildRules = (
			);
			dependencies = (
			);
			name = FoursquareCloneParse;
			productName = FoursquareCloneParse;
			productReference = 47550A5529B0BDF20036E586 /* FoursquareCloneParse.app */;
			productType = "com.apple.product-type.application";
		};
/* End PBXNativeTarget section */

/* Begin PBXProject section */
		47550A4D29B0BDF20036E586 /* Project object */ = {
			isa = PBXProject;
			attributes = {
				BuildIndependentTargetsInParallel = 1;
				LastSwiftUpdateCheck = 1420;
				LastUpgradeCheck = 1420;
				TargetAttributes = {
					47550A5429B0BDF20036E586 = {
						CreatedOnToolsVersion = 14.2;
					};
				};
			};
			buildConfigurationList = 47550A5029B0BDF20036E586 /* Build configuration list for PBXProject "FoursquareCloneParse" */;
			compatibilityVersion = "Xcode 14.0";
			developmentRegion = en;
			hasScannedForEncodings = 0;
			knownRegions = (
				en,
				Base,
			);
			mainGroup = 47550A4C29B0BDF20036E586;
			productRefGroup = 47550A5629B0BDF20036E586 /* Products */;
			projectDirPath = "";
			projectRoot = "";
			targets = (
				47550A5429B0BDF20036E586 /* FoursquareCloneParse */,
			);
		};
/* End PBXProject section */

/* Begin PBXResourcesBuildPhase section */
		47550A5329B0BDF20036E586 /* Resources */ = {
			isa = PBXResourcesBuildPhase;
			buildActionMask = 2147483647;
			files = (
				47550A6529B0BDF30036E586 /* LaunchScreen.storyboard in Resources */,
				47550A6229B0BDF30036E586 /* Assets.xcassets in Resources */,
				47550A6029B0BDF20036E586 /* Main.storyboard in Resources */,
			);
			runOnlyForDeploymentPostprocessing = 0;
		};
/* End PBXResourcesBuildPhase section */

/* Begin PBXShellScriptBuildPhase section */
		32636460B47A7CECA1B47696 /* [CP] Check Pods Manifest.lock */ = {
			isa = PBXShellScriptBuildPhase;
			buildActionMask = 2147483647;
			files = (
			);
			inputFileListPaths = (
			);
			inputPaths = (
				"${PODS_PODFILE_DIR_PATH}/Podfile.lock",
				"${PODS_ROOT}/Manifest.lock",
			);
			name = "[CP] Check Pods Manifest.lock";
			outputFileListPaths = (
			);
			outputPaths = (
				"$(DERIVED_FILE_DIR)/Pods-FoursquareCloneParse-checkManifestLockResult.txt",
			);
			runOnlyForDeploymentPostprocessing = 0;
			shellPath = /bin/sh;
			shellScript = "diff \"${PODS_PODFILE_DIR_PATH}/Podfile.lock\" \"${PODS_ROOT}/Manifest.lock\" > /dev/null\nif [ $? != 0 ] ; then\n    # print error to STDERR\n    echo \"error: The sandbox is not in sync with the Podfile.lock. Run 'pod install' or update your CocoaPods installation.\" >&2\n    exit 1\nfi\n# This output is used by Xcode 'outputs' to avoid re-running this script phase.\necho \"SUCCESS\" > \"${SCRIPT_OUTPUT_FILE_0}\"\n";
			showEnvVarsInLog = 0;
		};
		FCD732231A28A1E4C5A3FDC0 /* [CP] Embed Pods Frameworks */ = {
			isa = PBXShellScriptBuildPhase;
			buildActionMask = 2147483647;
			files = (
			);
			inputFileListPaths = (
				"${PODS_ROOT}/Target Support Files/Pods-FoursquareCloneParse/Pods-FoursquareCloneParse-frameworks-${CONFIGURATION}-input-files.xcfilelist",
			);
			name = "[CP] Embed Pods Frameworks";
			outputFileListPaths = (
				"${PODS_ROOT}/Target Support Files/Pods-FoursquareCloneParse/Pods-FoursquareCloneParse-frameworks-${CONFIGURATION}-output-files.xcfilelist",
			);
			runOnlyForDeploymentPostprocessing = 0;
			shellPath = /bin/sh;
			shellScript = "\"${PODS_ROOT}/Target Support Files/Pods-FoursquareCloneParse/Pods-FoursquareCloneParse-frameworks.sh\"\n";
			showEnvVarsInLog = 0;
		};
/* End PBXShellScriptBuildPhase section */

/* Begin PBXSourcesBuildPhase section */
		47550A5129B0BDF20036E586 /* Sources */ = {
			isa = PBXSourcesBuildPhase;
			buildActionMask = 2147483647;
			files = (
				47550A5D29B0BDF20036E586 /* SignUpVC.swift in Sources */,
				47D5881029B1236600D92C62 /* PlaceModel.swift in Sources */,
				47D5880C29B1136C00D92C62 /* MapVC.swift in Sources */,
				47550A5929B0BDF20036E586 /* AppDelegate.swift in Sources */,
				47D5880829B0F52C00D92C62 /* PlacesVC.swift in Sources */,
				47D5880E29B11AAB00D92C62 /* DetailsVC.swift in Sources */,
				47D5880A29B1110C00D92C62 /* AddPlaceVC.swift in Sources */,
				47550A5B29B0BDF20036E586 /* SceneDelegate.swift in Sources */,
			);
			runOnlyForDeploymentPostprocessing = 0;
		};
/* End PBXSourcesBuildPhase section */

/* Begin PBXVariantGroup section */
		47550A5E29B0BDF20036E586 /* Main.storyboard */ = {
			isa = PBXVariantGroup;
			children = (
				47550A5F29B0BDF20036E586 /* Base */,
			);
			name = Main.storyboard;
			sourceTree = "<group>";
		};
		47550A6329B0BDF30036E586 /* LaunchScreen.storyboard */ = {
			isa = PBXVariantGroup;
			children = (
				47550A6429B0BDF30036E586 /* Base */,
			);
			name = LaunchScreen.storyboard;
			sourceTree = "<group>";
		};
/* End PBXVariantGroup section */

/* Begin XCBuildConfiguration section */
		47550A6729B0BDF30036E586 /* Debug */ = {
			isa = XCBuildConfiguration;
			buildSettings = {
				ALWAYS_SEARCH_USER_PATHS = NO;
				CLANG_ANALYZER_NONNULL = YES;
				CLANG_ANALYZER_NUMBER_OBJECT_CONVERSION = YES_AGGRESSIVE;
				CLANG_CXX_LANGUAGE_STANDARD = "gnu++20";
				CLANG_ENABLE_MODULES = YES;
				CLANG_ENABLE_OBJC_ARC = YES;
				CLANG_ENABLE_OBJC_WEAK = YES;
				CLANG_WARN_BLOCK_CAPTURE_AUTORELEASING = YES;
				CLANG_WARN_BOOL_CONVERSION = YES;
				CLANG_WARN_COMMA = YES;
				CLANG_WARN_CONSTANT_CONVERSION = YES;
				CLANG_WARN_DEPRECATED_OBJC_IMPLEMENTATIONS = YES;
				CLANG_WARN_DIRECT_OBJC_ISA_USAGE = YES_ERROR;
				CLANG_WARN_DOCUMENTATION_COMMENTS = YES;
				CLANG_WARN_EMPTY_BODY = YES;
				CLANG_WARN_ENUM_CONVERSION = YES;
				CLANG_WARN_INFINITE_RECURSION = YES;
				CLANG_WARN_INT_CONVERSION = YES;
				CLANG_WARN_NON_LITERAL_NULL_CONVERSION = YES;
				CLANG_WARN_OBJC_IMPLICIT_RETAIN_SELF = YES;
				CLANG_WARN_OBJC_LITERAL_CONVERSION = YES;
				CLANG_WARN_OBJC_ROOT_CLASS = YES_ERROR;
				CLANG_WARN_QUOTED_INCLUDE_IN_FRAMEWORK_HEADER = YES;
				CLANG_WARN_RANGE_LOOP_ANALYSIS = YES;
				CLANG_WARN_STRICT_PROTOTYPES = YES;
				CLANG_WARN_SUSPICIOUS_MOVE = YES;
				CLANG_WARN_UNGUARDED_AVAILABILITY = YES_AGGRESSIVE;
				CLANG_WARN_UNREACHABLE_CODE = YES;
				CLANG_WARN__DUPLICATE_METHOD_MATCH = YES;
				COPY_PHASE_STRIP = NO;
				DEBUG_INFORMATION_FORMAT = dwarf;
				ENABLE_STRICT_OBJC_MSGSEND = YES;
				ENABLE_TESTABILITY = YES;
				GCC_C_LANGUAGE_STANDARD = gnu11;
				GCC_DYNAMIC_NO_PIC = NO;
				GCC_NO_COMMON_BLOCKS = YES;
				GCC_OPTIMIZATION_LEVEL = 0;
				GCC_PREPROCESSOR_DEFINITIONS = (
					"DEBUG=1",
					"$(inherited)",
				);
				GCC_WARN_64_TO_32_BIT_CONVERSION = YES;
				GCC_WARN_ABOUT_RETURN_TYPE = YES_ERROR;
				GCC_WARN_UNDECLARED_SELECTOR = YES;
				GCC_WARN_UNINITIALIZED_AUTOS = YES_AGGRESSIVE;
				GCC_WARN_UNUSED_FUNCTION = YES;
				GCC_WARN_UNUSED_VARIABLE = YES;
				IPHONEOS_DEPLOYMENT_TARGET = 16.2;
				MTL_ENABLE_DEBUG_INFO = INCLUDE_SOURCE;
				MTL_FAST_MATH = YES;
				ONLY_ACTIVE_ARCH = YES;
				SDKROOT = iphoneos;
				SWIFT_ACTIVE_COMPILATION_CONDITIONS = DEBUG;
				SWIFT_OPTIMIZATION_LEVEL = "-Onone";
			};
			name = Debug;
		};
		47550A6829B0BDF30036E586 /* Release */ = {
			isa = XCBuildConfiguration;
			buildSettings = {
				ALWAYS_SEARCH_USER_PATHS = NO;
				CLANG_ANALYZER_NONNULL = YES;
				CLANG_ANALYZER_NUMBER_OBJECT_CONVERSION = YES_AGGRESSIVE;
				CLANG_CXX_LANGUAGE_STANDARD = "gnu++20";
				CLANG_ENABLE_MODULES = YES;
				CLANG_ENABLE_OBJC_ARC = YES;
				CLANG_ENABLE_OBJC_WEAK = YES;
				CLANG_WARN_BLOCK_CAPTURE_AUTORELEASING = YES;
				CLANG_WARN_BOOL_CONVERSION = YES;
				CLANG_WARN_COMMA = YES;
				CLANG_WARN_CONSTANT_CONVERSION = YES;
				CLANG_WARN_DEPRECATED_OBJC_IMPLEMENTATIONS = YES;
				CLANG_WARN_DIRECT_OBJC_ISA_USAGE = YES_ERROR;
				CLANG_WARN_DOCUMENTATION_COMMENTS = YES;
				CLANG_WARN_EMPTY_BODY = YES;
				CLANG_WARN_ENUM_CONVERSION = YES;
				CLANG_WARN_INFINITE_RECURSION = YES;
				CLANG_WARN_INT_CONVERSION = YES;
				CLANG_WARN_NON_LITERAL_NULL_CONVERSION = YES;
				CLANG_WARN_OBJC_IMPLICIT_RETAIN_SELF = YES;
				CLANG_WARN_OBJC_LITERAL_CONVERSION = YES;
				CLANG_WARN_OBJC_ROOT_CLASS = YES_ERROR;
				CLANG_WARN_QUOTED_INCLUDE_IN_FRAMEWORK_HEADER = YES;
				CLANG_WARN_RANGE_LOOP_ANALYSIS = YES;
				CLANG_WARN_STRICT_PROTOTYPES = YES;
				CLANG_WARN_SUSPICIOUS_MOVE = YES;
				CLANG_WARN_UNGUARDED_AVAILABILITY = YES_AGGRESSIVE;
				CLANG_WARN_UNREACHABLE_CODE = YES;
				CLANG_WARN__DUPLICATE_METHOD_MATCH = YES;
				COPY_PHASE_STRIP = NO;
				DEBUG_INFORMATION_FORMAT = "dwarf-with-dsym";
				ENABLE_NS_ASSERTIONS = NO;
				ENABLE_STRICT_OBJC_MSGSEND = YES;
				GCC_C_LANGUAGE_STANDARD = gnu11;
				GCC_NO_COMMON_BLOCKS = YES;
				GCC_WARN_64_TO_32_BIT_CONVERSION = YES;
				GCC_WARN_ABOUT_RETURN_TYPE = YES_ERROR;
				GCC_WARN_UNDECLARED_SELECTOR = YES;
				GCC_WARN_UNINITIALIZED_AUTOS = YES_AGGRESSIVE;
				GCC_WARN_UNUSED_FUNCTION = YES;
				GCC_WARN_UNUSED_VARIABLE = YES;
				IPHONEOS_DEPLOYMENT_TARGET = 16.2;
				MTL_ENABLE_DEBUG_INFO = NO;
				MTL_FAST_MATH = YES;
				SDKROOT = iphoneos;
				SWIFT_COMPILATION_MODE = wholemodule;
				SWIFT_OPTIMIZATION_LEVEL = "-O";
				VALIDATE_PRODUCT = YES;
			};
			name = Release;
		};
		47550A6A29B0BDF30036E586 /* Debug */ = {
			isa = XCBuildConfiguration;
			baseConfigurationReference = 822134EF56A0C2A806474161 /* Pods-FoursquareCloneParse.debug.xcconfig */;
			buildSettings = {
				ASSETCATALOG_COMPILER_APPICON_NAME = AppIcon;
				ASSETCATALOG_COMPILER_GLOBAL_ACCENT_COLOR_NAME = AccentColor;
				CODE_SIGN_STYLE = Automatic;
				CURRENT_PROJECT_VERSION = 1;
				DEVELOPMENT_TEAM = 7MUJAHA8RW;
				GENERATE_INFOPLIST_FILE = YES;
				INFOPLIST_FILE = FoursquareCloneParse/Info.plist;
				INFOPLIST_KEY_UIApplicationSupportsIndirectInputEvents = YES;
				INFOPLIST_KEY_UILaunchStoryboardName = LaunchScreen;
				INFOPLIST_KEY_UIMainStoryboardFile = Main;
				INFOPLIST_KEY_UISupportedInterfaceOrientations_iPad = "UIInterfaceOrientationPortrait UIInterfaceOrientationPortraitUpsideDown UIInterfaceOrientationLandscapeLeft UIInterfaceOrientationLandscapeRight";
				INFOPLIST_KEY_UISupportedInterfaceOrientations_iPhone = "UIInterfaceOrientationPortrait UIInterfaceOrientationLandscapeLeft UIInterfaceOrientationLandscapeRight";
				LD_RUNPATH_SEARCH_PATHS = (
					"$(inherited)",
					"@executable_path/Frameworks",
				);
				MARKETING_VERSION = 1.0;
				PRODUCT_BUNDLE_IDENTIFIER = com.cengizhantomak.FoursquareCloneParse;
				PRODUCT_NAME = "$(TARGET_NAME)";
				SWIFT_EMIT_LOC_STRINGS = YES;
				SWIFT_VERSION = 5.0;
				TARGETED_DEVICE_FAMILY = "1,2";
			};
			name = Debug;
		};
		47550A6B29B0BDF30036E586 /* Release */ = {
			isa = XCBuildConfiguration;
			baseConfigurationReference = B2C40C99E84FC2E3B81CB14C /* Pods-FoursquareCloneParse.release.xcconfig */;
			buildSettings = {
				ASSETCATALOG_COMPILER_APPICON_NAME = AppIcon;
				ASSETCATALOG_COMPILER_GLOBAL_ACCENT_COLOR_NAME = AccentColor;
				CODE_SIGN_STYLE = Automatic;
				CURRENT_PROJECT_VERSION = 1;
				DEVELOPMENT_TEAM = 7MUJAHA8RW;
				GENERATE_INFOPLIST_FILE = YES;
				INFOPLIST_FILE = FoursquareCloneParse/Info.plist;
				INFOPLIST_KEY_UIApplicationSupportsIndirectInputEvents = YES;
				INFOPLIST_KEY_UILaunchStoryboardName = LaunchScreen;
				INFOPLIST_KEY_UIMainStoryboardFile = Main;
				INFOPLIST_KEY_UISupportedInterfaceOrientations_iPad = "UIInterfaceOrientationPortrait UIInterfaceOrientationPortraitUpsideDown UIInterfaceOrientationLandscapeLeft UIInterfaceOrientationLandscapeRight";
				INFOPLIST_KEY_UISupportedInterfaceOrientations_iPhone = "UIInterfaceOrientationPortrait UIInterfaceOrientationLandscapeLeft UIInterfaceOrientationLandscapeRight";
				LD_RUNPATH_SEARCH_PATHS = (
					"$(inherited)",
					"@executable_path/Frameworks",
				);
				MARKETING_VERSION = 1.0;
				PRODUCT_BUNDLE_IDENTIFIER = com.cengizhantomak.FoursquareCloneParse;
				PRODUCT_NAME = "$(TARGET_NAME)";
				SWIFT_EMIT_LOC_STRINGS = YES;
				SWIFT_VERSION = 5.0;
				TARGETED_DEVICE_FAMILY = "1,2";
			};
			name = Release;
		};
/* End XCBuildConfiguration section */

/* Begin XCConfigurationList section */
		47550A5029B0BDF20036E586 /* Build configuration list for PBXProject "FoursquareCloneParse" */ = {
			isa = XCConfigurationList;
			buildConfigurations = (
				47550A6729B0BDF30036E586 /* Debug */,
				47550A6829B0BDF30036E586 /* Release */,
			);
			defaultConfigurationIsVisible = 0;
			defaultConfigurationName = Release;
		};
		47550A6929B0BDF30036E586 /* Build configuration list for PBXNativeTarget "FoursquareCloneParse" */ = {
			isa = XCConfigurationList;
			buildConfigurations = (
				47550A6A29B0BDF30036E586 /* Debug */,
				47550A6B29B0BDF30036E586 /* Release */,
			);
			defaultConfigurationIsVisible = 0;
			defaultConfigurationName = Release;
		};
/* End XCConfigurationList section */
	};
	rootObject = 47550A4D29B0BDF20036E586 /* Project object */;
}
