// !$*UTF8*$!
{
	archiveVersion = 1;
	classes = {
	};
	objectVersion = 56;
	objects = {

/* Begin PBXBuildFile section */
		8162540328B3C78C00EE11E6 /* AppDelegate.swift in Sources */ = {isa = PBXBuildFile; fileRef = 8162540228B3C78C00EE11E6 /* AppDelegate.swift */; };
		8162540528B3C78C00EE11E6 /* SceneDelegate.swift in Sources */ = {isa = PBXBuildFile; fileRef = 8162540428B3C78C00EE11E6 /* SceneDelegate.swift */; };
		8162540728B3C78C00EE11E6 /* ViewController.swift in Sources */ = {isa = PBXBuildFile; fileRef = 8162540628B3C78C00EE11E6 /* ViewController.swift */; };
		8162540A28B3C78C00EE11E6 /* Main.storyboard in Resources */ = {isa = PBXBuildFile; fileRef = 8162540828B3C78C00EE11E6 /* Main.storyboard */; };
		8162540C28B3C78D00EE11E6 /* Assets.xcassets in Resources */ = {isa = PBXBuildFile; fileRef = 8162540B28B3C78D00EE11E6 /* Assets.xcassets */; };
		8162540F28B3C78D00EE11E6 /* LaunchScreen.storyboard in Resources */ = {isa = PBXBuildFile; fileRef = 8162540D28B3C78D00EE11E6 /* LaunchScreen.storyboard */; };
		8162541728B3C8B400EE11E6 /* detailsVC.swift in Sources */ = {isa = PBXBuildFile; fileRef = 8162541628B3C8B400EE11E6 /* detailsVC.swift */; };
		8162541928B3D21500EE11E6 /* Simpson.swift in Sources */ = {isa = PBXBuildFile; fileRef = 8162541828B3D21500EE11E6 /* Simpson.swift */; };
/* End PBXBuildFile section */

/* Begin PBXFileReference section */
		816253FF28B3C78C00EE11E6 /* SimpsonBook.app */ = {isa = PBXFileReference; explicitFileType = wrapper.application; includeInIndex = 0; path = SimpsonBook.app; sourceTree = BUILT_PRODUCTS_DIR; };
		8162540228B3C78C00EE11E6 /* AppDelegate.swift */ = {isa = PBXFileReference; lastKnownFileType = sourcecode.swift; path = AppDelegate.swift; sourceTree = "<group>"; };
		8162540428B3C78C00EE11E6 /* SceneDelegate.swift */ = {isa = PBXFileReference; lastKnownFileType = sourcecode.swift; path = SceneDelegate.swift; sourceTree = "<group>"; };
		8162540628B3C78C00EE11E6 /* ViewController.swift */ = {isa = PBXFileReference; lastKnownFileType = sourcecode.swift; path = ViewController.swift; sourceTree = "<group>"; };
		8162540928B3C78C00EE11E6 /* Base */ = {isa = PBXFileReference; lastKnownFileType = file.storyboard; name = Base; path = Base.lproj/Main.storyboard; sourceTree = "<group>"; };
		8162540B28B3C78D00EE11E6 /* Assets.xcassets */ = {isa = PBXFileReference; lastKnownFileType = folder.assetcatalog; path = Assets.xcassets; sourceTree = "<group>"; };
		8162540E28B3C78D00EE11E6 /* Base */ = {isa = PBXFileReference; lastKnownFileType = file.storyboard; name = Base; path = Base.lproj/LaunchScreen.storyboard; sourceTree = "<group>"; };
		8162541028B3C78D00EE11E6 /* Info.plist */ = {isa = PBXFileReference; lastKnownFileType = text.plist.xml; path = Info.plist; sourceTree = "<group>"; };
		8162541628B3C8B400EE11E6 /* detailsVC.swift */ = {isa = PBXFileReference; lastKnownFileType = sourcecode.swift; path = detailsVC.swift; sourceTree = "<group>"; };
		8162541828B3D21500EE11E6 /* Simpson.swift */ = {isa = PBXFileReference; lastKnownFileType = sourcecode.swift; path = Simpson.swift; sourceTree = "<group>"; };
/* End PBXFileReference section */

/* Begin PBXFrameworksBuildPhase section */
		816253FC28B3C78C00EE11E6 /* Frameworks */ = {
			isa = PBXFrameworksBuildPhase;
			buildActionMask = 2147483647;
			files = (
			);
			runOnlyForDeploymentPostprocessing = 0;
		};
/* End PBXFrameworksBuildPhase section */

/* Begin PBXGroup section */
		816253F628B3C78C00EE11E6 = {
			isa = PBXGroup;
			children = (
				8162540128B3C78C00EE11E6 /* SimpsonBook */,
				8162540028B3C78C00EE11E6 /* Products */,
			);
			sourceTree = "<group>";
		};
		8162540028B3C78C00EE11E6 /* Products */ = {
			isa = PBXGroup;
			children = (
				816253FF28B3C78C00EE11E6 /* SimpsonBook.app */,
			);
			name = Products;
			sourceTree = "<group>";
		};
		8162540128B3C78C00EE11E6 /* SimpsonBook */ = {
			isa = PBXGroup;
			children = (
				8162540228B3C78C00EE11E6 /* AppDelegate.swift */,
				8162540428B3C78C00EE11E6 /* SceneDelegate.swift */,
				8162540628B3C78C00EE11E6 /* ViewController.swift */,
				8162541628B3C8B400EE11E6 /* detailsVC.swift */,
				8162541828B3D21500EE11E6 /* Simpson.swift */,
				8162540828B3C78C00EE11E6 /* Main.storyboard */,
				8162540B28B3C78D00EE11E6 /* Assets.xcassets */,
				8162540D28B3C78D00EE11E6 /* LaunchScreen.storyboard */,
				8162541028B3C78D00EE11E6 /* Info.plist */,
			);
			path = SimpsonBook;
			sourceTree = "<group>";
		};
/* End PBXGroup section */

/* Begin PBXNativeTarget section */
		816253FE28B3C78C00EE11E6 /* SimpsonBook */ = {
			isa = PBXNativeTarget;
			buildConfigurationList = 8162541328B3C78D00EE11E6 /* Build configuration list for PBXNativeTarget "SimpsonBook" */;
			buildPhases = (
				816253FB28B3C78C00EE11E6 /* Sources */,
				816253FC28B3C78C00EE11E6 /* Frameworks */,
				816253FD28B3C78C00EE11E6 /* Resources */,
			);
			buildRules = (
			);
			dependencies = (
			);
			name = SimpsonBook;
			productName = SimpsonBook;
			productReference = 816253FF28B3C78C00EE11E6 /* SimpsonBook.app */;
			productType = "com.apple.product-type.application";
		};
/* End PBXNativeTarget section */

/* Begin PBXProject section */
		816253F728B3C78C00EE11E6 /* Project object */ = {
			isa = PBXProject;
			attributes = {
				BuildIndependentTargetsInParallel = 1;
				LastSwiftUpdateCheck = 1400;
				LastUpgradeCheck = 1400;
				TargetAttributes = {
					816253FE28B3C78C00EE11E6 = {
						CreatedOnToolsVersion = 14.0;
					};
				};
			};
			buildConfigurationList = 816253FA28B3C78C00EE11E6 /* Build configuration list for PBXProject "SimpsonBook" */;
			compatibilityVersion = "Xcode 14.0";
			developmentRegion = en;
			hasScannedForEncodings = 0;
			knownRegions = (
				en,
				Base,
			);
			mainGroup = 816253F628B3C78C00EE11E6;
			productRefGroup = 8162540028B3C78C00EE11E6 /* Products */;
			projectDirPath = "";
			projectRoot = "";
			targets = (
				816253FE28B3C78C00EE11E6 /* SimpsonBook */,
			);
		};
/* End PBXProject section */

/* Begin PBXResourcesBuildPhase section */
		816253FD28B3C78C00EE11E6 /* Resources */ = {
			isa = PBXResourcesBuildPhase;
			buildActionMask = 2147483647;
			files = (
				8162540F28B3C78D00EE11E6 /* LaunchScreen.storyboard in Resources */,
				8162540C28B3C78D00EE11E6 /* Assets.xcassets in Resources */,
				8162540A28B3C78C00EE11E6 /* Main.storyboard in Resources */,
			);
			runOnlyForDeploymentPostprocessing = 0;
		};
/* End PBXResourcesBuildPhase section */

/* Begin PBXSourcesBuildPhase section */
		816253FB28B3C78C00EE11E6 /* Sources */ = {
			isa = PBXSourcesBuildPhase;
			buildActionMask = 2147483647;
			files = (
				8162540728B3C78C00EE11E6 /* ViewController.swift in Sources */,
				8162541728B3C8B400EE11E6 /* detailsVC.swift in Sources */,
				8162540328B3C78C00EE11E6 /* AppDelegate.swift in Sources */,
				8162540528B3C78C00EE11E6 /* SceneDelegate.swift in Sources */,
				8162541928B3D21500EE11E6 /* Simpson.swift in Sources */,
			);
			runOnlyForDeploymentPostprocessing = 0;
		};
/* End PBXSourcesBuildPhase section */

/* Begin PBXVariantGroup section */
		8162540828B3C78C00EE11E6 /* Main.storyboard */ = {
			isa = PBXVariantGroup;
			children = (
				8162540928B3C78C00EE11E6 /* Base */,
			);
			name = Main.storyboard;
			sourceTree = "<group>";
		};
		8162540D28B3C78D00EE11E6 /* LaunchScreen.storyboard */ = {
			isa = PBXVariantGroup;
			children = (
				8162540E28B3C78D00EE11E6 /* Base */,
			);
			name = LaunchScreen.storyboard;
			sourceTree = "<group>";
		};
/* End PBXVariantGroup section */

/* Begin XCBuildConfiguration section */
		8162541128B3C78D00EE11E6 /* Debug */ = {
			isa = XCBuildConfiguration;
			buildSettings = {
				ALWAYS_SEARCH_USER_PATHS = NO;
				CLANG_ANALYZER_NONNULL = YES;
				CLANG_ANALYZER_NUMBER_OBJECT_CONVERSION = YES_AGGRESSIVE;
				CLANG_CXX_LANGUAGE_STANDARD = "gnu++20";
				CLANG_ENABLE_MODULES = YES;
				CLANG_ENABLE_OBJC_ARC = YES;
				CLANG_ENABLE_OBJC_WEAK = YES;
				CLANG_WARN_BLOCK_CAPTURE_AUTORELEASING = YES;
				CLANG_WARN_BOOL_CONVERSION = YES;
				CLANG_WARN_COMMA = YES;
				CLANG_WARN_CONSTANT_CONVERSION = YES;
				CLANG_WARN_DEPRECATED_OBJC_IMPLEMENTATIONS = YES;
				CLANG_WARN_DIRECT_OBJC_ISA_USAGE = YES_ERROR;
				CLANG_WARN_DOCUMENTATION_COMMENTS = YES;
				CLANG_WARN_EMPTY_BODY = YES;
				CLANG_WARN_ENUM_CONVERSION = YES;
				CLANG_WARN_INFINITE_RECURSION = YES;
				CLANG_WARN_INT_CONVERSION = YES;
				CLANG_WARN_NON_LITERAL_NULL_CONVERSION = YES;
				CLANG_WARN_OBJC_IMPLICIT_RETAIN_SELF = YES;
				CLANG_WARN_OBJC_LITERAL_CONVERSION = YES;
				CLANG_WARN_OBJC_ROOT_CLASS = YES_ERROR;
				CLANG_WARN_QUOTED_INCLUDE_IN_FRAMEWORK_HEADER = YES;
				CLANG_WARN_RANGE_LOOP_ANALYSIS = YES;
				CLANG_WARN_STRICT_PROTOTYPES = YES;
				CLANG_WARN_SUSPICIOUS_MOVE = YES;
				CLANG_WARN_UNGUARDED_AVAILABILITY = YES_AGGRESSIVE;
				CLANG_WARN_UNREACHABLE_CODE = YES;
				CLANG_WARN__DUPLICATE_METHOD_MATCH = YES;
				COPY_PHASE_STRIP = NO;
				DEBUG_INFORMATION_FORMAT = dwarf;
				ENABLE_STRICT_OBJC_MSGSEND = YES;
				ENABLE_TESTABILITY = YES;
				GCC_C_LANGUAGE_STANDARD = gnu11;
				GCC_DYNAMIC_NO_PIC = NO;
				GCC_NO_COMMON_BLOCKS = YES;
				GCC_OPTIMIZATION_LEVEL = 0;
				GCC_PREPROCESSOR_DEFINITIONS = (
					"DEBUG=1",
					"$(inherited)",
				);
				GCC_WARN_64_TO_32_BIT_CONVERSION = YES;
				GCC_WARN_ABOUT_RETURN_TYPE = YES_ERROR;
				GCC_WARN_UNDECLARED_SELECTOR = YES;
				GCC_WARN_UNINITIALIZED_AUTOS = YES_AGGRESSIVE;
				GCC_WARN_UNUSED_FUNCTION = YES;
				GCC_WARN_UNUSED_VARIABLE = YES;
				IPHONEOS_DEPLOYMENT_TARGET = 16.0;
				MTL_ENABLE_DEBUG_INFO = INCLUDE_SOURCE;
				MTL_FAST_MATH = YES;
				ONLY_ACTIVE_ARCH = YES;
				SDKROOT = iphoneos;
				SWIFT_ACTIVE_COMPILATION_CONDITIONS = DEBUG;
				SWIFT_OPTIMIZATION_LEVEL = "-Onone";
			};
			name = Debug;
		};
		8162541228B3C78D00EE11E6 /* Release */ = {
			isa = XCBuildConfiguration;
			buildSettings = {
				ALWAYS_SEARCH_USER_PATHS = NO;
				CLANG_ANALYZER_NONNULL = YES;
				CLANG_ANALYZER_NUMBER_OBJECT_CONVERSION = YES_AGGRESSIVE;
				CLANG_CXX_LANGUAGE_STANDARD = "gnu++20";
				CLANG_ENABLE_MODULES = YES;
				CLANG_ENABLE_OBJC_ARC = YES;
				CLANG_ENABLE_OBJC_WEAK = YES;
				CLANG_WARN_BLOCK_CAPTURE_AUTORELEASING = YES;
				CLANG_WARN_BOOL_CONVERSION = YES;
				CLANG_WARN_COMMA = YES;
				CLANG_WARN_CONSTANT_CONVERSION = YES;
				CLANG_WARN_DEPRECATED_OBJC_IMPLEMENTATIONS = YES;
				CLANG_WARN_DIRECT_OBJC_ISA_USAGE = YES_ERROR;
				CLANG_WARN_DOCUMENTATION_COMMENTS = YES;
				CLANG_WARN_EMPTY_BODY = YES;
				CLANG_WARN_ENUM_CONVERSION = YES;
				CLANG_WARN_INFINITE_RECURSION = YES;
				CLANG_WARN_INT_CONVERSION = YES;
				CLANG_WARN_NON_LITERAL_NULL_CONVERSION = YES;
				CLANG_WARN_OBJC_IMPLICIT_RETAIN_SELF = YES;
				CLANG_WARN_OBJC_LITERAL_CONVERSION = YES;
				CLANG_WARN_OBJC_ROOT_CLASS = YES_ERROR;
				CLANG_WARN_QUOTED_INCLUDE_IN_FRAMEWORK_HEADER = YES;
				CLANG_WARN_RANGE_LOOP_ANALYSIS = YES;
				CLANG_WARN_STRICT_PROTOTYPES = YES;
				CLANG_WARN_SUSPICIOUS_MOVE = YES;
				CLANG_WARN_UNGUARDED_AVAILABILITY = YES_AGGRESSIVE;
				CLANG_WARN_UNREACHABLE_CODE = YES;
				CLANG_WARN__DUPLICATE_METHOD_MATCH = YES;
				COPY_PHASE_STRIP = NO;
				DEBUG_INFORMATION_FORMAT = "dwarf-with-dsym";
				ENABLE_NS_ASSERTIONS = NO;
				ENABLE_STRICT_OBJC_MSGSEND = YES;
				GCC_C_LANGUAGE_STANDARD = gnu11;
				GCC_NO_COMMON_BLOCKS = YES;
				GCC_WARN_64_TO_32_BIT_CONVERSION = YES;
				GCC_WARN_ABOUT_RETURN_TYPE = YES_ERROR;
				GCC_WARN_UNDECLARED_SELECTOR = YES;
				GCC_WARN_UNINITIALIZED_AUTOS = YES_AGGRESSIVE;
				GCC_WARN_UNUSED_FUNCTION = YES;
				GCC_WARN_UNUSED_VARIABLE = YES;
				IPHONEOS_DEPLOYMENT_TARGET = 16.0;
				MTL_ENABLE_DEBUG_INFO = NO;
				MTL_FAST_MATH = YES;
				SDKROOT = iphoneos;
				SWIFT_COMPILATION_MODE = wholemodule;
				SWIFT_OPTIMIZATION_LEVEL = "-O";
				VALIDATE_PRODUCT = YES;
			};
			name = Release;
		};
		8162541428B3C78D00EE11E6 /* Debug */ = {
			isa = XCBuildConfiguration;
			buildSettings = {
				ASSETCATALOG_COMPILER_APPICON_NAME = AppIcon;
				ASSETCATALOG_COMPILER_GLOBAL_ACCENT_COLOR_NAME = AccentColor;
				CODE_SIGN_STYLE = Automatic;
				CURRENT_PROJECT_VERSION = 1;
				GENERATE_INFOPLIST_FILE = YES;
				INFOPLIST_FILE = SimpsonBook/Info.plist;
				INFOPLIST_KEY_UIApplicationSupportsIndirectInputEvents = YES;
				INFOPLIST_KEY_UILaunchStoryboardName = LaunchScreen;
				INFOPLIST_KEY_UIMainStoryboardFile = Main;
				INFOPLIST_KEY_UISupportedInterfaceOrientations_iPad = "UIInterfaceOrientationPortrait UIInterfaceOrientationPortraitUpsideDown UIInterfaceOrientationLandscapeLeft UIInterfaceOrientationLandscapeRight";
				INFOPLIST_KEY_UISupportedInterfaceOrientations_iPhone = "UIInterfaceOrientationPortrait UIInterfaceOrientationLandscapeLeft UIInterfaceOrientationLandscapeRight";
				LD_RUNPATH_SEARCH_PATHS = (
					"$(inherited)",
					"@executable_path/Frameworks",
				);
				MARKETING_VERSION = 1.0;
				PRODUCT_BUNDLE_IDENTIFIER = com.cengizhantomak.SimpsonBook;
				PRODUCT_NAME = "$(TARGET_NAME)";
				SWIFT_EMIT_LOC_STRINGS = YES;
				SWIFT_VERSION = 5.0;
				TARGETED_DEVICE_FAMILY = "1,2";
			};
			name = Debug;
		};
		8162541528B3C78D00EE11E6 /* Release */ = {
			isa = XCBuildConfiguration;
			buildSettings = {
				ASSETCATALOG_COMPILER_APPICON_NAME = AppIcon;
				ASSETCATALOG_COMPILER_GLOBAL_ACCENT_COLOR_NAME = AccentColor;
				CODE_SIGN_STYLE = Automatic;
				CURRENT_PROJECT_VERSION = 1;
				GENERATE_INFOPLIST_FILE = YES;
				INFOPLIST_FILE = SimpsonBook/Info.plist;
				INFOPLIST_KEY_UIApplicationSupportsIndirectInputEvents = YES;
				INFOPLIST_KEY_UILaunchStoryboardName = LaunchScreen;
				INFOPLIST_KEY_UIMainStoryboardFile = Main;
				INFOPLIST_KEY_UISupportedInterfaceOrientations_iPad = "UIInterfaceOrientationPortrait UIInterfaceOrientationPortraitUpsideDown UIInterfaceOrientationLandscapeLeft UIInterfaceOrientationLandscapeRight";
				INFOPLIST_KEY_UISupportedInterfaceOrientations_iPhone = "UIInterfaceOrientationPortrait UIInterfaceOrientationLandscapeLeft UIInterfaceOrientationLandscapeRight";
				LD_RUNPATH_SEARCH_PATHS = (
					"$(inherited)",
					"@executable_path/Frameworks",
				);
				MARKETING_VERSION = 1.0;
				PRODUCT_BUNDLE_IDENTIFIER = com.cengizhantomak.SimpsonBook;
				PRODUCT_NAME = "$(TARGET_NAME)";
				SWIFT_EMIT_LOC_STRINGS = YES;
				SWIFT_VERSION = 5.0;
				TARGETED_DEVICE_FAMILY = "1,2";
			};
			name = Release;
		};
/* End XCBuildConfiguration section */

/* Begin XCConfigurationList section */
		816253FA28B3C78C00EE11E6 /* Build configuration list for PBXProject "SimpsonBook" */ = {
			isa = XCConfigurationList;
			buildConfigurations = (
				8162541128B3C78D00EE11E6 /* Debug */,
				8162541228B3C78D00EE11E6 /* Release */,
			);
			defaultConfigurationIsVisible = 0;
			defaultConfigurationName = Release;
		};
		8162541328B3C78D00EE11E6 /* Build configuration list for PBXNativeTarget "SimpsonBook" */ = {
			isa = XCConfigurationList;
			buildConfigurations = (
				8162541428B3C78D00EE11E6 /* Debug */,
				8162541528B3C78D00EE11E6 /* Release */,
			);
			defaultConfigurationIsVisible = 0;
			defaultConfigurationName = Release;
		};
/* End XCConfigurationList section */
	};
	rootObject = 816253F728B3C78C00EE11E6 /* Project object */;
}
